<Solution>
  <Project Path="AccessWatchLite.Application/AccessWatchLite.Application.csproj" />
  <Project Path="AccessWatchLite.Domain/AccessWatchLite.Domain.csproj" />
  <Project Path="AccessWatchLite.Functions/AccessWatchLite.Functions.csproj" />
  <Project Path="AccessWatchLite.Infrastructure/AccessWatchLite.Infrastructure.csproj" />
  <Project Path="AccessWatchLite.UI/AccessWatchLite.UI.csproj" />
</Solution>